
Microsoft Visual Studio Solution File, Format Version 12.00
# Visual Studio 15
VisualStudioVersion = 15.0.26730.10
MinimumVisualStudioVersion = 10.0.40219.1
Project("{FAE04EC0-301F-11D3-BF4B-00C04F79EFBC}") = "PIWebAPI_Demo", "PIWebAPI_Demo\PIWebAPI_Demo.csproj", "{515FAC8D-AC01-4369-A33C-21A36DF44869}"
EndProject
Global
	GlobalSection(SolutionConfigurationPlatforms) = preSolution
		Debug|Any CPU = Debug|Any CPU
		Release|Any CPU = Release|Any CPU
	EndGlobalSection
	GlobalSection(ProjectConfigurationPlatforms) = postSolution
		{515FAC8D-AC01-4369-A33C-21A36DF44869}.Debug|Any CPU.ActiveCfg = Debug|Any CPU
		{515FAC8D-AC01-4369-A33C-21A36DF44869}.Debug|Any CPU.Build.0 = Debug|Any CPU
		{515FAC8D-AC01-4369-A33C-21A36DF44869}.Release|Any CPU.ActiveCfg = Release|Any CPU
		{515FAC8D-AC01-4369-A33C-21A36DF44869}.Release|Any CPU.Build.0 = Release|Any CPU
	EndGlobalSection
	GlobalSection(SolutionProperties) = preSolution
		HideSolutionNode = FALSE
	EndGlobalSection
	GlobalSection(ExtensibilityGlobals) = postSolution
		SolutionGuid = {011CD154-F10F-4F8E-8F09-0A8CBEF560BD}
	EndGlobalSection
EndGlobal
